
Microsoft Visual Studio Solution File, Format Version 12.00
# Visual Studio Version 17
VisualStudioVersion = 17.6.33723.286
MinimumVisualStudioVersion = 10.0.40219.1
Project("{FAE04EC0-301F-11D3-BF4B-00C04F79EFBC}") = "PhotosForSale", "PhotosForSale\PhotosForSale.csproj", "{178C21D3-58E3-479A-B59A-50E3C9999FF8}"
EndProject
Project("{FAE04EC0-301F-11D3-BF4B-00C04F79EFBC}") = "Photos.Utility", "Photos.Utility\Photos.Utility.csproj", "{86A9C9AF-655A-42FE-B5F8-C979139791C8}"
EndProject
Project("{FAE04EC0-301F-11D3-BF4B-00C04F79EFBC}") = "Photos.Models", "Photos.Models\Photos.Models.csproj", "{26FC5B28-6C0C-41A2-9BBF-4586D0F84644}"
EndProject
Project("{FAE04EC0-301F-11D3-BF4B-00C04F79EFBC}") = "Photos.DataAccess", "Photos.DataAccess\Photos.DataAccess.csproj", "{9721941D-0FAE-4706-88B9-4420A0F11A7C}"
EndProject
Global
	GlobalSection(SolutionConfigurationPlatforms) = preSolution
		Debug|Any CPU = Debug|Any CPU
		Release|Any CPU = Release|Any CPU
	EndGlobalSection
	GlobalSection(ProjectConfigurationPlatforms) = postSolution
		{178C21D3-58E3-479A-B59A-50E3C9999FF8}.Debug|Any CPU.ActiveCfg = Debug|Any CPU
		{178C21D3-58E3-479A-B59A-50E3C9999FF8}.Debug|Any CPU.Build.0 = Debug|Any CPU
		{178C21D3-58E3-479A-B59A-50E3C9999FF8}.Release|Any CPU.ActiveCfg = Release|Any CPU
		{178C21D3-58E3-479A-B59A-50E3C9999FF8}.Release|Any CPU.Build.0 = Release|Any CPU
		{86A9C9AF-655A-42FE-B5F8-C979139791C8}.Debug|Any CPU.ActiveCfg = Debug|Any CPU
		{86A9C9AF-655A-42FE-B5F8-C979139791C8}.Debug|Any CPU.Build.0 = Debug|Any CPU
		{86A9C9AF-655A-42FE-B5F8-C979139791C8}.Release|Any CPU.ActiveCfg = Release|Any CPU
		{86A9C9AF-655A-42FE-B5F8-C979139791C8}.Release|Any CPU.Build.0 = Release|Any CPU
		{26FC5B28-6C0C-41A2-9BBF-4586D0F84644}.Debug|Any CPU.ActiveCfg = Debug|Any CPU
		{26FC5B28-6C0C-41A2-9BBF-4586D0F84644}.Debug|Any CPU.Build.0 = Debug|Any CPU
		{26FC5B28-6C0C-41A2-9BBF-4586D0F84644}.Release|Any CPU.ActiveCfg = Release|Any CPU
		{26FC5B28-6C0C-41A2-9BBF-4586D0F84644}.Release|Any CPU.Build.0 = Release|Any CPU
		{9721941D-0FAE-4706-88B9-4420A0F11A7C}.Debug|Any CPU.ActiveCfg = Debug|Any CPU
		{9721941D-0FAE-4706-88B9-4420A0F11A7C}.Debug|Any CPU.Build.0 = Debug|Any CPU
		{9721941D-0FAE-4706-88B9-4420A0F11A7C}.Release|Any CPU.ActiveCfg = Release|Any CPU
		{9721941D-0FAE-4706-88B9-4420A0F11A7C}.Release|Any CPU.Build.0 = Release|Any CPU
	EndGlobalSection
	GlobalSection(SolutionProperties) = preSolution
		HideSolutionNode = FALSE
	EndGlobalSection
	GlobalSection(ExtensibilityGlobals) = postSolution
		SolutionGuid = {F886D8B1-FDF7-4475-95F5-126AC63A301F}
	EndGlobalSection
EndGlobal
